// !$*UTF8*$!
{
	archiveVersion = 1;
	classes = {
	};
	objectVersion = 55;
	objects = {

/* Begin PBXBuildFile section */
		52FEF52D285DEA86002D02E6 /* BikeStationAssignmentApp.swift in Sources */ = {isa = PBXBuildFile; fileRef = 52FEF52C285DEA86002D02E6 /* BikeStationAssignmentApp.swift */; };
		52FEF531285DEA87002D02E6 /* Assets.xcassets in Resources */ = {isa = PBXBuildFile; fileRef = 52FEF530285DEA87002D02E6 /* Assets.xcassets */; };
		52FEF534285DEA87002D02E6 /* Preview Assets.xcassets in Resources */ = {isa = PBXBuildFile; fileRef = 52FEF533285DEA87002D02E6 /* Preview Assets.xcassets */; };
		52FEF53B285DEE4C002D02E6 /* BikeStationListView.swift in Sources */ = {isa = PBXBuildFile; fileRef = 52FEF53A285DEE4C002D02E6 /* BikeStationListView.swift */; };
		52FEF544285DEEE3002D02E6 /* BikeStationListViewModel.swift in Sources */ = {isa = PBXBuildFile; fileRef = 52FEF543285DEEE3002D02E6 /* BikeStationListViewModel.swift */; };
		52FEF54A285DEF7D002D02E6 /* View+Extensions.swift in Sources */ = {isa = PBXBuildFile; fileRef = 52FEF549285DEF7D002D02E6 /* View+Extensions.swift */; };
		52FEF54D285DF013002D02E6 /* CustomNavigationBar.swift in Sources */ = {isa = PBXBuildFile; fileRef = 52FEF54C285DF013002D02E6 /* CustomNavigationBar.swift */; };
		52FEF54F285DF0F5002D02E6 /* UIDevice+Extensions.swift in Sources */ = {isa = PBXBuildFile; fileRef = 52FEF54E285DF0F5002D02E6 /* UIDevice+Extensions.swift */; };
		52FEF551285DF418002D02E6 /* BikeStationListModel.swift in Sources */ = {isa = PBXBuildFile; fileRef = 52FEF550285DF418002D02E6 /* BikeStationListModel.swift */; };
		52FEF556285DFEE8002D02E6 /* Foundation+Extensions.swift in Sources */ = {isa = PBXBuildFile; fileRef = 52FEF555285DFEE8002D02E6 /* Foundation+Extensions.swift */; };
		52FEF558285DFF73002D02E6 /* BikeStationCell.swift in Sources */ = {isa = PBXBuildFile; fileRef = 52FEF557285DFF73002D02E6 /* BikeStationCell.swift */; };
		52FEF559285E0030002D02E6 /* Feature_mock.json in Resources */ = {isa = PBXBuildFile; fileRef = 52FEF552285DFE96002D02E6 /* Feature_mock.json */; };
		52FEF55C285E05AF002D02E6 /* Color+Extensions.swift in Sources */ = {isa = PBXBuildFile; fileRef = 52FEF55B285E05AF002D02E6 /* Color+Extensions.swift */; };
		52FEF55F285E0D02002D02E6 /* Combine+Extensions.swift in Sources */ = {isa = PBXBuildFile; fileRef = 52FEF55E285E0D02002D02E6 /* Combine+Extensions.swift */; };
		52FEF566285E11B5002D02E6 /* StationDetailsView.swift in Sources */ = {isa = PBXBuildFile; fileRef = 52FEF565285E11B5002D02E6 /* StationDetailsView.swift */; };
		52FEF568285E11C0002D02E6 /* StationDetailsViewModel.swift in Sources */ = {isa = PBXBuildFile; fileRef = 52FEF567285E11C0002D02E6 /* StationDetailsViewModel.swift */; };
		52FEF56E285EF1C1002D02E6 /* LocationManager.swift in Sources */ = {isa = PBXBuildFile; fileRef = 52FEF56D285EF1C1002D02E6 /* LocationManager.swift */; };
		52FEF571285EFECE002D02E6 /* ActivityIndicator.swift in Sources */ = {isa = PBXBuildFile; fileRef = 52FEF570285EFECE002D02E6 /* ActivityIndicator.swift */; };
		52FEF573285EFEF3002D02E6 /* ActivityIndicatorModifier.swift in Sources */ = {isa = PBXBuildFile; fileRef = 52FEF572285EFEF3002D02E6 /* ActivityIndicatorModifier.swift */; };
		52FEF577285F0295002D02E6 /* CLLocation+Extensions.swift in Sources */ = {isa = PBXBuildFile; fileRef = 52FEF576285F0295002D02E6 /* CLLocation+Extensions.swift */; };
		52FEF579285F05CA002D02E6 /* CLLocationCoordinate2D+Extensions.swift in Sources */ = {isa = PBXBuildFile; fileRef = 52FEF578285F05CA002D02E6 /* CLLocationCoordinate2D+Extensions.swift */; };
/* End PBXBuildFile section */

/* Begin PBXFileReference section */
		52FEF529285DEA86002D02E6 /* BikeStationAssignment.app */ = {isa = PBXFileReference; explicitFileType = wrapper.application; includeInIndex = 0; path = BikeStationAssignment.app; sourceTree = BUILT_PRODUCTS_DIR; };
		52FEF52C285DEA86002D02E6 /* BikeStationAssignmentApp.swift */ = {isa = PBXFileReference; lastKnownFileType = sourcecode.swift; path = BikeStationAssignmentApp.swift; sourceTree = "<group>"; };
		52FEF530285DEA87002D02E6 /* Assets.xcassets */ = {isa = PBXFileReference; lastKnownFileType = folder.assetcatalog; path = Assets.xcassets; sourceTree = "<group>"; };
		52FEF533285DEA87002D02E6 /* Preview Assets.xcassets */ = {isa = PBXFileReference; lastKnownFileType = folder.assetcatalog; path = "Preview Assets.xcassets"; sourceTree = "<group>"; };
		52FEF53A285DEE4C002D02E6 /* BikeStationListView.swift */ = {isa = PBXFileReference; lastKnownFileType = sourcecode.swift; path = BikeStationListView.swift; sourceTree = "<group>"; };
		52FEF543285DEEE3002D02E6 /* BikeStationListViewModel.swift */ = {isa = PBXFileReference; lastKnownFileType = sourcecode.swift; path = BikeStationListViewModel.swift; sourceTree = "<group>"; };
		52FEF549285DEF7D002D02E6 /* View+Extensions.swift */ = {isa = PBXFileReference; lastKnownFileType = sourcecode.swift; path = "View+Extensions.swift"; sourceTree = "<group>"; };
		52FEF54C285DF013002D02E6 /* CustomNavigationBar.swift */ = {isa = PBXFileReference; lastKnownFileType = sourcecode.swift; path = CustomNavigationBar.swift; sourceTree = "<group>"; };
		52FEF54E285DF0F5002D02E6 /* UIDevice+Extensions.swift */ = {isa = PBXFileReference; lastKnownFileType = sourcecode.swift; path = "UIDevice+Extensions.swift"; sourceTree = "<group>"; };
		52FEF550285DF418002D02E6 /* BikeStationListModel.swift */ = {isa = PBXFileReference; lastKnownFileType = sourcecode.swift; path = BikeStationListModel.swift; sourceTree = "<group>"; };
		52FEF552285DFE96002D02E6 /* Feature_mock.json */ = {isa = PBXFileReference; fileEncoding = 4; lastKnownFileType = text.json; path = Feature_mock.json; sourceTree = "<group>"; };
		52FEF555285DFEE8002D02E6 /* Foundation+Extensions.swift */ = {isa = PBXFileReference; lastKnownFileType = sourcecode.swift; path = "Foundation+Extensions.swift"; sourceTree = "<group>"; };
		52FEF557285DFF73002D02E6 /* BikeStationCell.swift */ = {isa = PBXFileReference; lastKnownFileType = sourcecode.swift; path = BikeStationCell.swift; sourceTree = "<group>"; };
		52FEF55B285E05AF002D02E6 /* Color+Extensions.swift */ = {isa = PBXFileReference; lastKnownFileType = sourcecode.swift; path = "Color+Extensions.swift"; sourceTree = "<group>"; };
		52FEF55E285E0D02002D02E6 /* Combine+Extensions.swift */ = {isa = PBXFileReference; lastKnownFileType = sourcecode.swift; path = "Combine+Extensions.swift"; sourceTree = "<group>"; };
		52FEF560285E0F2C002D02E6 /* Info.plist */ = {isa = PBXFileReference; lastKnownFileType = text.plist; path = Info.plist; sourceTree = "<group>"; };
		52FEF565285E11B5002D02E6 /* StationDetailsView.swift */ = {isa = PBXFileReference; lastKnownFileType = sourcecode.swift; path = StationDetailsView.swift; sourceTree = "<group>"; };
		52FEF567285E11C0002D02E6 /* StationDetailsViewModel.swift */ = {isa = PBXFileReference; lastKnownFileType = sourcecode.swift; path = StationDetailsViewModel.swift; sourceTree = "<group>"; };
		52FEF56D285EF1C1002D02E6 /* LocationManager.swift */ = {isa = PBXFileReference; lastKnownFileType = sourcecode.swift; path = LocationManager.swift; sourceTree = "<group>"; };
		52FEF570285EFECE002D02E6 /* ActivityIndicator.swift */ = {isa = PBXFileReference; lastKnownFileType = sourcecode.swift; path = ActivityIndicator.swift; sourceTree = "<group>"; };
		52FEF572285EFEF3002D02E6 /* ActivityIndicatorModifier.swift */ = {isa = PBXFileReference; lastKnownFileType = sourcecode.swift; path = ActivityIndicatorModifier.swift; sourceTree = "<group>"; };
		52FEF576285F0295002D02E6 /* CLLocation+Extensions.swift */ = {isa = PBXFileReference; lastKnownFileType = sourcecode.swift; path = "CLLocation+Extensions.swift"; sourceTree = "<group>"; };
		52FEF578285F05CA002D02E6 /* CLLocationCoordinate2D+Extensions.swift */ = {isa = PBXFileReference; lastKnownFileType = sourcecode.swift; path = "CLLocationCoordinate2D+Extensions.swift"; sourceTree = "<group>"; };
/* End PBXFileReference section */

/* Begin PBXFrameworksBuildPhase section */
		52FEF526285DEA86002D02E6 /* Frameworks */ = {
			isa = PBXFrameworksBuildPhase;
			buildActionMask = 2147483647;
			files = (
			);
			runOnlyForDeploymentPostprocessing = 0;
		};
/* End PBXFrameworksBuildPhase section */

/* Begin PBXGroup section */
		52FEF520285DEA86002D02E6 = {
			isa = PBXGroup;
			children = (
				52FEF52B285DEA86002D02E6 /* BikeStationAssignment */,
				52FEF52A285DEA86002D02E6 /* Products */,
			);
			sourceTree = "<group>";
		};
		52FEF52A285DEA86002D02E6 /* Products */ = {
			isa = PBXGroup;
			children = (
				52FEF529285DEA86002D02E6 /* BikeStationAssignment.app */,
			);
			name = Products;
			sourceTree = "<group>";
		};
		52FEF52B285DEA86002D02E6 /* BikeStationAssignment */ = {
			isa = PBXGroup;
			children = (
				52FEF560285E0F2C002D02E6 /* Info.plist */,
				52FEF53C285DEE5A002D02E6 /* Main */,
				52FEF56C285EF1B2002D02E6 /* Services */,
				52FEF545285DEF22002D02E6 /* Library */,
				52FEF53D285DEE5F002D02E6 /* User stories */,
				52FEF532285DEA87002D02E6 /* Preview Content */,
			);
			path = BikeStationAssignment;
			sourceTree = "<group>";
		};
		52FEF532285DEA87002D02E6 /* Preview Content */ = {
			isa = PBXGroup;
			children = (
				52FEF533285DEA87002D02E6 /* Preview Assets.xcassets */,
			);
			path = "Preview Content";
			sourceTree = "<group>";
		};
		52FEF53C285DEE5A002D02E6 /* Main */ = {
			isa = PBXGroup;
			children = (
				52FEF52C285DEA86002D02E6 /* BikeStationAssignmentApp.swift */,
				52FEF530285DEA87002D02E6 /* Assets.xcassets */,
			);
			path = Main;
			sourceTree = "<group>";
		};
		52FEF53D285DEE5F002D02E6 /* User stories */ = {
			isa = PBXGroup;
			children = (
				52FEF53E285DEE83002D02E6 /* BikeStations */,
				52FEF542285DEEA4002D02E6 /* StationDetails */,
			);
			path = "User stories";
			sourceTree = "<group>";
		};
		52FEF53E285DEE83002D02E6 /* BikeStations */ = {
			isa = PBXGroup;
			children = (
				52FEF541285DEE99002D02E6 /* Model */,
				52FEF540285DEE95002D02E6 /* View */,
				52FEF53F285DEE8F002D02E6 /* ViewModel */,
			);
			path = BikeStations;
			sourceTree = "<group>";
		};
		52FEF53F285DEE8F002D02E6 /* ViewModel */ = {
			isa = PBXGroup;
			children = (
				52FEF543285DEEE3002D02E6 /* BikeStationListViewModel.swift */,
			);
			name = ViewModel;
			sourceTree = "<group>";
		};
		52FEF540285DEE95002D02E6 /* View */ = {
			isa = PBXGroup;
			children = (
				52FEF53A285DEE4C002D02E6 /* BikeStationListView.swift */,
				52FEF557285DFF73002D02E6 /* BikeStationCell.swift */,
			);
			name = View;
			sourceTree = "<group>";
		};
		52FEF541285DEE99002D02E6 /* Model */ = {
			isa = PBXGroup;
			children = (
				52FEF550285DF418002D02E6 /* BikeStationListModel.swift */,
				52FEF552285DFE96002D02E6 /* Feature_mock.json */,
			);
			name = Model;
			sourceTree = "<group>";
		};
		52FEF542285DEEA4002D02E6 /* StationDetails */ = {
			isa = PBXGroup;
			children = (
				52FEF564285E1199002D02E6 /* View */,
				52FEF563285E1193002D02E6 /* ViewModel */,
			);
			path = StationDetails;
			sourceTree = "<group>";
		};
		52FEF545285DEF22002D02E6 /* Library */ = {
			isa = PBXGroup;
			children = (
				52FEF574285EFF10002D02E6 /* Modifiers */,
				52FEF54B285DF001002D02E6 /* ReusableViews */,
				52FEF548285DEF43002D02E6 /* Extensions */,
			);
			path = Library;
			sourceTree = "<group>";
		};
		52FEF548285DEF43002D02E6 /* Extensions */ = {
			isa = PBXGroup;
			children = (
				52FEF549285DEF7D002D02E6 /* View+Extensions.swift */,
				52FEF555285DFEE8002D02E6 /* Foundation+Extensions.swift */,
				52FEF54E285DF0F5002D02E6 /* UIDevice+Extensions.swift */,
				52FEF55B285E05AF002D02E6 /* Color+Extensions.swift */,
				52FEF55E285E0D02002D02E6 /* Combine+Extensions.swift */,
				52FEF576285F0295002D02E6 /* CLLocation+Extensions.swift */,
				52FEF578285F05CA002D02E6 /* CLLocationCoordinate2D+Extensions.swift */,
			);
			path = Extensions;
			sourceTree = "<group>";
		};
		52FEF54B285DF001002D02E6 /* ReusableViews */ = {
			isa = PBXGroup;
			children = (
				52FEF54C285DF013002D02E6 /* CustomNavigationBar.swift */,
				52FEF570285EFECE002D02E6 /* ActivityIndicator.swift */,
			);
			path = ReusableViews;
			sourceTree = "<group>";
		};
		52FEF563285E1193002D02E6 /* ViewModel */ = {
			isa = PBXGroup;
			children = (
				52FEF567285E11C0002D02E6 /* StationDetailsViewModel.swift */,
			);
			name = ViewModel;
			sourceTree = "<group>";
		};
		52FEF564285E1199002D02E6 /* View */ = {
			isa = PBXGroup;
			children = (
				52FEF565285E11B5002D02E6 /* StationDetailsView.swift */,
			);
			name = View;
			sourceTree = "<group>";
		};
		52FEF56C285EF1B2002D02E6 /* Services */ = {
			isa = PBXGroup;
			children = (
				52FEF56F285EF1C5002D02E6 /* LocationManager */,
			);
			path = Services;
			sourceTree = "<group>";
		};
		52FEF56F285EF1C5002D02E6 /* LocationManager */ = {
			isa = PBXGroup;
			children = (
				52FEF56D285EF1C1002D02E6 /* LocationManager.swift */,
			);
			path = LocationManager;
			sourceTree = "<group>";
		};
		52FEF574285EFF10002D02E6 /* Modifiers */ = {
			isa = PBXGroup;
			children = (
				52FEF572285EFEF3002D02E6 /* ActivityIndicatorModifier.swift */,
			);
			path = Modifiers;
			sourceTree = "<group>";
		};
/* End PBXGroup section */

/* Begin PBXNativeTarget section */
		52FEF528285DEA86002D02E6 /* BikeStationAssignment */ = {
			isa = PBXNativeTarget;
			buildConfigurationList = 52FEF537285DEA87002D02E6 /* Build configuration list for PBXNativeTarget "BikeStationAssignment" */;
			buildPhases = (
				52FEF525285DEA86002D02E6 /* Sources */,
				52FEF526285DEA86002D02E6 /* Frameworks */,
				52FEF527285DEA86002D02E6 /* Resources */,
			);
			buildRules = (
			);
			dependencies = (
			);
			name = BikeStationAssignment;
			productName = BikeStationAssignment;
			productReference = 52FEF529285DEA86002D02E6 /* BikeStationAssignment.app */;
			productType = "com.apple.product-type.application";
		};
/* End PBXNativeTarget section */

/* Begin PBXProject section */
		52FEF521285DEA86002D02E6 /* Project object */ = {
			isa = PBXProject;
			attributes = {
				BuildIndependentTargetsInParallel = 1;
				LastSwiftUpdateCheck = 1330;
				LastUpgradeCheck = 1330;
				TargetAttributes = {
					52FEF528285DEA86002D02E6 = {
						CreatedOnToolsVersion = 13.3.1;
					};
				};
			};
			buildConfigurationList = 52FEF524285DEA86002D02E6 /* Build configuration list for PBXProject "BikeStationAssignment" */;
			compatibilityVersion = "Xcode 13.0";
			developmentRegion = en;
			hasScannedForEncodings = 0;
			knownRegions = (
				en,
				Base,
			);
			mainGroup = 52FEF520285DEA86002D02E6;
			productRefGroup = 52FEF52A285DEA86002D02E6 /* Products */;
			projectDirPath = "";
			projectRoot = "";
			targets = (
				52FEF528285DEA86002D02E6 /* BikeStationAssignment */,
			);
		};
/* End PBXProject section */

/* Begin PBXResourcesBuildPhase section */
		52FEF527285DEA86002D02E6 /* Resources */ = {
			isa = PBXResourcesBuildPhase;
			buildActionMask = 2147483647;
			files = (
				52FEF534285DEA87002D02E6 /* Preview Assets.xcassets in Resources */,
				52FEF559285E0030002D02E6 /* Feature_mock.json in Resources */,
				52FEF531285DEA87002D02E6 /* Assets.xcassets in Resources */,
			);
			runOnlyForDeploymentPostprocessing = 0;
		};
/* End PBXResourcesBuildPhase section */

/* Begin PBXSourcesBuildPhase section */
		52FEF525285DEA86002D02E6 /* Sources */ = {
			isa = PBXSourcesBuildPhase;
			buildActionMask = 2147483647;
			files = (
				52FEF556285DFEE8002D02E6 /* Foundation+Extensions.swift in Sources */,
				52FEF579285F05CA002D02E6 /* CLLocationCoordinate2D+Extensions.swift in Sources */,
				52FEF571285EFECE002D02E6 /* ActivityIndicator.swift in Sources */,
				52FEF53B285DEE4C002D02E6 /* BikeStationListView.swift in Sources */,
				52FEF573285EFEF3002D02E6 /* ActivityIndicatorModifier.swift in Sources */,
				52FEF566285E11B5002D02E6 /* StationDetailsView.swift in Sources */,
				52FEF52D285DEA86002D02E6 /* BikeStationAssignmentApp.swift in Sources */,
				52FEF577285F0295002D02E6 /* CLLocation+Extensions.swift in Sources */,
				52FEF54A285DEF7D002D02E6 /* View+Extensions.swift in Sources */,
				52FEF558285DFF73002D02E6 /* BikeStationCell.swift in Sources */,
				52FEF55C285E05AF002D02E6 /* Color+Extensions.swift in Sources */,
				52FEF568285E11C0002D02E6 /* StationDetailsViewModel.swift in Sources */,
				52FEF55F285E0D02002D02E6 /* Combine+Extensions.swift in Sources */,
				52FEF544285DEEE3002D02E6 /* BikeStationListViewModel.swift in Sources */,
				52FEF56E285EF1C1002D02E6 /* LocationManager.swift in Sources */,
				52FEF54D285DF013002D02E6 /* CustomNavigationBar.swift in Sources */,
				52FEF551285DF418002D02E6 /* BikeStationListModel.swift in Sources */,
				52FEF54F285DF0F5002D02E6 /* UIDevice+Extensions.swift in Sources */,
			);
			runOnlyForDeploymentPostprocessing = 0;
		};
/* End PBXSourcesBuildPhase section */

/* Begin XCBuildConfiguration section */
		52FEF535285DEA87002D02E6 /* Debug */ = {
			isa = XCBuildConfiguration;
			buildSettings = {
				ALWAYS_SEARCH_USER_PATHS = NO;
				CLANG_ANALYZER_NONNULL = YES;
				CLANG_ANALYZER_NUMBER_OBJECT_CONVERSION = YES_AGGRESSIVE;
				CLANG_CXX_LANGUAGE_STANDARD = "gnu++17";
				CLANG_ENABLE_MODULES = YES;
				CLANG_ENABLE_OBJC_ARC = YES;
				CLANG_ENABLE_OBJC_WEAK = YES;
				CLANG_WARN_BLOCK_CAPTURE_AUTORELEASING = YES;
				CLANG_WARN_BOOL_CONVERSION = YES;
				CLANG_WARN_COMMA = YES;
				CLANG_WARN_CONSTANT_CONVERSION = YES;
				CLANG_WARN_DEPRECATED_OBJC_IMPLEMENTATIONS = YES;
				CLANG_WARN_DIRECT_OBJC_ISA_USAGE = YES_ERROR;
				CLANG_WARN_DOCUMENTATION_COMMENTS = YES;
				CLANG_WARN_EMPTY_BODY = YES;
				CLANG_WARN_ENUM_CONVERSION = YES;
				CLANG_WARN_INFINITE_RECURSION = YES;
				CLANG_WARN_INT_CONVERSION = YES;
				CLANG_WARN_NON_LITERAL_NULL_CONVERSION = YES;
				CLANG_WARN_OBJC_IMPLICIT_RETAIN_SELF = YES;
				CLANG_WARN_OBJC_LITERAL_CONVERSION = YES;
				CLANG_WARN_OBJC_ROOT_CLASS = YES_ERROR;
				CLANG_WARN_QUOTED_INCLUDE_IN_FRAMEWORK_HEADER = YES;
				CLANG_WARN_RANGE_LOOP_ANALYSIS = YES;
				CLANG_WARN_STRICT_PROTOTYPES = YES;
				CLANG_WARN_SUSPICIOUS_MOVE = YES;
				CLANG_WARN_UNGUARDED_AVAILABILITY = YES_AGGRESSIVE;
				CLANG_WARN_UNREACHABLE_CODE = YES;
				CLANG_WARN__DUPLICATE_METHOD_MATCH = YES;
				COPY_PHASE_STRIP = NO;
				DEBUG_INFORMATION_FORMAT = dwarf;
				ENABLE_STRICT_OBJC_MSGSEND = YES;
				ENABLE_TESTABILITY = YES;
				GCC_C_LANGUAGE_STANDARD = gnu11;
				GCC_DYNAMIC_NO_PIC = NO;
				GCC_NO_COMMON_BLOCKS = YES;
				GCC_OPTIMIZATION_LEVEL = 0;
				GCC_PREPROCESSOR_DEFINITIONS = (
					"DEBUG=1",
					"$(inherited)",
				);
				GCC_WARN_64_TO_32_BIT_CONVERSION = YES;
				GCC_WARN_ABOUT_RETURN_TYPE = YES_ERROR;
				GCC_WARN_UNDECLARED_SELECTOR = YES;
				GCC_WARN_UNINITIALIZED_AUTOS = YES_AGGRESSIVE;
				GCC_WARN_UNUSED_FUNCTION = YES;
				GCC_WARN_UNUSED_VARIABLE = YES;
				IPHONEOS_DEPLOYMENT_TARGET = 14.0;
				MTL_ENABLE_DEBUG_INFO = INCLUDE_SOURCE;
				MTL_FAST_MATH = YES;
				ONLY_ACTIVE_ARCH = YES;
				SDKROOT = iphoneos;
				SWIFT_ACTIVE_COMPILATION_CONDITIONS = DEBUG;
				SWIFT_OPTIMIZATION_LEVEL = "-Onone";
			};
			name = Debug;
		};
		52FEF536285DEA87002D02E6 /* Release */ = {
			isa = XCBuildConfiguration;
			buildSettings = {
				ALWAYS_SEARCH_USER_PATHS = NO;
				CLANG_ANALYZER_NONNULL = YES;
				CLANG_ANALYZER_NUMBER_OBJECT_CONVERSION = YES_AGGRESSIVE;
				CLANG_CXX_LANGUAGE_STANDARD = "gnu++17";
				CLANG_ENABLE_MODULES = YES;
				CLANG_ENABLE_OBJC_ARC = YES;
				CLANG_ENABLE_OBJC_WEAK = YES;
				CLANG_WARN_BLOCK_CAPTURE_AUTORELEASING = YES;
				CLANG_WARN_BOOL_CONVERSION = YES;
				CLANG_WARN_COMMA = YES;
				CLANG_WARN_CONSTANT_CONVERSION = YES;
				CLANG_WARN_DEPRECATED_OBJC_IMPLEMENTATIONS = YES;
				CLANG_WARN_DIRECT_OBJC_ISA_USAGE = YES_ERROR;
				CLANG_WARN_DOCUMENTATION_COMMENTS = YES;
				CLANG_WARN_EMPTY_BODY = YES;
				CLANG_WARN_ENUM_CONVERSION = YES;
				CLANG_WARN_INFINITE_RECURSION = YES;
				CLANG_WARN_INT_CONVERSION = YES;
				CLANG_WARN_NON_LITERAL_NULL_CONVERSION = YES;
				CLANG_WARN_OBJC_IMPLICIT_RETAIN_SELF = YES;
				CLANG_WARN_OBJC_LITERAL_CONVERSION = YES;
				CLANG_WARN_OBJC_ROOT_CLASS = YES_ERROR;
				CLANG_WARN_QUOTED_INCLUDE_IN_FRAMEWORK_HEADER = YES;
				CLANG_WARN_RANGE_LOOP_ANALYSIS = YES;
				CLANG_WARN_STRICT_PROTOTYPES = YES;
				CLANG_WARN_SUSPICIOUS_MOVE = YES;
				CLANG_WARN_UNGUARDED_AVAILABILITY = YES_AGGRESSIVE;
				CLANG_WARN_UNREACHABLE_CODE = YES;
				CLANG_WARN__DUPLICATE_METHOD_MATCH = YES;
				COPY_PHASE_STRIP = NO;
				DEBUG_INFORMATION_FORMAT = "dwarf-with-dsym";
				ENABLE_NS_ASSERTIONS = NO;
				ENABLE_STRICT_OBJC_MSGSEND = YES;
				GCC_C_LANGUAGE_STANDARD = gnu11;
				GCC_NO_COMMON_BLOCKS = YES;
				GCC_WARN_64_TO_32_BIT_CONVERSION = YES;
				GCC_WARN_ABOUT_RETURN_TYPE = YES_ERROR;
				GCC_WARN_UNDECLARED_SELECTOR = YES;
				GCC_WARN_UNINITIALIZED_AUTOS = YES_AGGRESSIVE;
				GCC_WARN_UNUSED_FUNCTION = YES;
				GCC_WARN_UNUSED_VARIABLE = YES;
				IPHONEOS_DEPLOYMENT_TARGET = 14.0;
				MTL_ENABLE_DEBUG_INFO = NO;
				MTL_FAST_MATH = YES;
				SDKROOT = iphoneos;
				SWIFT_COMPILATION_MODE = wholemodule;
				SWIFT_OPTIMIZATION_LEVEL = "-O";
				VALIDATE_PRODUCT = YES;
			};
			name = Release;
		};
		52FEF538285DEA87002D02E6 /* Debug */ = {
			isa = XCBuildConfiguration;
			buildSettings = {
				ASSETCATALOG_COMPILER_APPICON_NAME = AppIcon;
				ASSETCATALOG_COMPILER_GLOBAL_ACCENT_COLOR_NAME = AccentColor;
				CODE_SIGN_STYLE = Automatic;
				CURRENT_PROJECT_VERSION = 1;
				DEVELOPMENT_ASSET_PATHS = "\"BikeStationAssignment/Preview Content\"";
				DEVELOPMENT_TEAM = D83JQSBRML;
				ENABLE_PREVIEWS = YES;
				GENERATE_INFOPLIST_FILE = YES;
				INFOPLIST_FILE = BikeStationAssignment/Info.plist;
				INFOPLIST_KEY_NSLocationAlwaysAndWhenInUseUsageDescription = "\"$(PRODUCT_NAME) needs yor location to help you find bike station\"";
				INFOPLIST_KEY_NSLocationWhenInUseUsageDescription = "\"$(PRODUCT_NAME) needs yor location to help you find bike station\"";
				INFOPLIST_KEY_UIApplicationSceneManifest_Generation = YES;
				INFOPLIST_KEY_UIApplicationSupportsIndirectInputEvents = YES;
				INFOPLIST_KEY_UILaunchScreen_Generation = YES;
				INFOPLIST_KEY_UISupportedInterfaceOrientations_iPad = "UIInterfaceOrientationPortrait UIInterfaceOrientationPortraitUpsideDown UIInterfaceOrientationLandscapeLeft UIInterfaceOrientationLandscapeRight";
				INFOPLIST_KEY_UISupportedInterfaceOrientations_iPhone = "UIInterfaceOrientationPortrait UIInterfaceOrientationLandscapeLeft UIInterfaceOrientationLandscapeRight";
				LD_RUNPATH_SEARCH_PATHS = (
					"$(inherited)",
					"@executable_path/Frameworks",
				);
				MARKETING_VERSION = 1.0;
				PRODUCT_BUNDLE_IDENTIFIER = com.vadimkatenin.BikeStationAssignment;
				PRODUCT_NAME = "$(TARGET_NAME)";
				SWIFT_EMIT_LOC_STRINGS = YES;
				SWIFT_VERSION = 5.0;
				TARGETED_DEVICE_FAMILY = "1,2";
			};
			name = Debug;
		};
		52FEF539285DEA87002D02E6 /* Release */ = {
			isa = XCBuildConfiguration;
			buildSettings = {
				ASSETCATALOG_COMPILER_APPICON_NAME = AppIcon;
				ASSETCATALOG_COMPILER_GLOBAL_ACCENT_COLOR_NAME = AccentColor;
				CODE_SIGN_STYLE = Automatic;
				CURRENT_PROJECT_VERSION = 1;
				DEVELOPMENT_ASSET_PATHS = "\"BikeStationAssignment/Preview Content\"";
				DEVELOPMENT_TEAM = D83JQSBRML;
				ENABLE_PREVIEWS = YES;
				GENERATE_INFOPLIST_FILE = YES;
				INFOPLIST_FILE = BikeStationAssignment/Info.plist;
				INFOPLIST_KEY_NSLocationAlwaysAndWhenInUseUsageDescription = "\"$(PRODUCT_NAME) needs yor location to help you find bike station\"";
				INFOPLIST_KEY_NSLocationWhenInUseUsageDescription = "\"$(PRODUCT_NAME) needs yor location to help you find bike station\"";
				INFOPLIST_KEY_UIApplicationSceneManifest_Generation = YES;
				INFOPLIST_KEY_UIApplicationSupportsIndirectInputEvents = YES;
				INFOPLIST_KEY_UILaunchScreen_Generation = YES;
				INFOPLIST_KEY_UISupportedInterfaceOrientations_iPad = "UIInterfaceOrientationPortrait UIInterfaceOrientationPortraitUpsideDown UIInterfaceOrientationLandscapeLeft UIInterfaceOrientationLandscapeRight";
				INFOPLIST_KEY_UISupportedInterfaceOrientations_iPhone = "UIInterfaceOrientationPortrait UIInterfaceOrientationLandscapeLeft UIInterfaceOrientationLandscapeRight";
				LD_RUNPATH_SEARCH_PATHS = (
					"$(inherited)",
					"@executable_path/Frameworks",
				);
				MARKETING_VERSION = 1.0;
				PRODUCT_BUNDLE_IDENTIFIER = com.vadimkatenin.BikeStationAssignment;
				PRODUCT_NAME = "$(TARGET_NAME)";
				SWIFT_EMIT_LOC_STRINGS = YES;
				SWIFT_VERSION = 5.0;
				TARGETED_DEVICE_FAMILY = "1,2";
			};
			name = Release;
		};
/* End XCBuildConfiguration section */

/* Begin XCConfigurationList section */
		52FEF524285DEA86002D02E6 /* Build configuration list for PBXProject "BikeStationAssignment" */ = {
			isa = XCConfigurationList;
			buildConfigurations = (
				52FEF535285DEA87002D02E6 /* Debug */,
				52FEF536285DEA87002D02E6 /* Release */,
			);
			defaultConfigurationIsVisible = 0;
			defaultConfigurationName = Release;
		};
		52FEF537285DEA87002D02E6 /* Build configuration list for PBXNativeTarget "BikeStationAssignment" */ = {
			isa = XCConfigurationList;
			buildConfigurations = (
				52FEF538285DEA87002D02E6 /* Debug */,
				52FEF539285DEA87002D02E6 /* Release */,
			);
			defaultConfigurationIsVisible = 0;
			defaultConfigurationName = Release;
		};
/* End XCConfigurationList section */
	};
	rootObject = 52FEF521285DEA86002D02E6 /* Project object */;
}
